
Microsoft Visual Studio Solution File, Format Version 11.00
# Visual Studio 2010
Project("{FAE04EC0-301F-11D3-BF4B-00C04F79EFBC}") = "KataPotter", "KataPotter\KataPotter.csproj", "{1C9525AB-5E23-4A22-A05E-8414F32DEB2E}"
EndProject
Project("{FAE04EC0-301F-11D3-BF4B-00C04F79EFBC}") = "Test", "Test\Test.csproj", "{0385F57C-E192-49AB-BF46-97ACD801B0EF}"
EndProject
Global
	GlobalSection(TestCaseManagementSettings) = postSolution
		CategoryFile = KataPotter.vsmdi
	EndGlobalSection
	GlobalSection(SolutionConfigurationPlatforms) = preSolution
		Debug|Any CPU = Debug|Any CPU
		Release|Any CPU = Release|Any CPU
	EndGlobalSection
	GlobalSection(ProjectConfigurationPlatforms) = postSolution
		{1C9525AB-5E23-4A22-A05E-8414F32DEB2E}.Debug|Any CPU.ActiveCfg = Debug|Any CPU
		{1C9525AB-5E23-4A22-A05E-8414F32DEB2E}.Debug|Any CPU.Build.0 = Debug|Any CPU
		{1C9525AB-5E23-4A22-A05E-8414F32DEB2E}.Release|Any CPU.ActiveCfg = Release|Any CPU
		{1C9525AB-5E23-4A22-A05E-8414F32DEB2E}.Release|Any CPU.Build.0 = Release|Any CPU
		{0385F57C-E192-49AB-BF46-97ACD801B0EF}.Debug|Any CPU.ActiveCfg = Debug|Any CPU
		{0385F57C-E192-49AB-BF46-97ACD801B0EF}.Debug|Any CPU.Build.0 = Debug|Any CPU
		{0385F57C-E192-49AB-BF46-97ACD801B0EF}.Release|Any CPU.ActiveCfg = Release|Any CPU
		{0385F57C-E192-49AB-BF46-97ACD801B0EF}.Release|Any CPU.Build.0 = Release|Any CPU
	EndGlobalSection
	GlobalSection(SolutionProperties) = preSolution
		HideSolutionNode = FALSE
	EndGlobalSection
EndGlobal
